
Microsoft Visual Studio Solution File, Format Version 12.00
# Visual Studio Version 16
VisualStudioVersion = 16.0.30309.148
MinimumVisualStudioVersion = 15.0.26124.0
Project("{FAE04EC0-301F-11D3-BF4B-00C04F79EFBC}") = "API", "API\API.csproj", "{32C196E6-D885-4D05-8907-151777A3C5F9}"
EndProject
Global
	GlobalSection(SolutionConfigurationPlatforms) = preSolution
		Debug|Any CPU = Debug|Any CPU
		Debug|x64 = Debug|x64
		Debug|x86 = Debug|x86
		Release|Any CPU = Release|Any CPU
		Release|x64 = Release|x64
		Release|x86 = Release|x86
	EndGlobalSection
	GlobalSection(ProjectConfigurationPlatforms) = postSolution
		{32C196E6-D885-4D05-8907-151777A3C5F9}.Debug|Any CPU.ActiveCfg = Debug|Any CPU
		{32C196E6-D885-4D05-8907-151777A3C5F9}.Debug|Any CPU.Build.0 = Debug|Any CPU
		{32C196E6-D885-4D05-8907-151777A3C5F9}.Debug|x64.ActiveCfg = Debug|Any CPU
		{32C196E6-D885-4D05-8907-151777A3C5F9}.Debug|x64.Build.0 = Debug|Any CPU
		{32C196E6-D885-4D05-8907-151777A3C5F9}.Debug|x86.ActiveCfg = Debug|Any CPU
		{32C196E6-D885-4D05-8907-151777A3C5F9}.Debug|x86.Build.0 = Debug|Any CPU
		{32C196E6-D885-4D05-8907-151777A3C5F9}.Release|Any CPU.ActiveCfg = Release|Any CPU
		{32C196E6-D885-4D05-8907-151777A3C5F9}.Release|Any CPU.Build.0 = Release|Any CPU
		{32C196E6-D885-4D05-8907-151777A3C5F9}.Release|x64.ActiveCfg = Release|Any CPU
		{32C196E6-D885-4D05-8907-151777A3C5F9}.Release|x64.Build.0 = Release|Any CPU
		{32C196E6-D885-4D05-8907-151777A3C5F9}.Release|x86.ActiveCfg = Release|Any CPU
		{32C196E6-D885-4D05-8907-151777A3C5F9}.Release|x86.Build.0 = Release|Any CPU
	EndGlobalSection
	GlobalSection(SolutionProperties) = preSolution
		HideSolutionNode = FALSE
	EndGlobalSection
	GlobalSection(ExtensibilityGlobals) = postSolution
		SolutionGuid = {A9A2835A-E62D-4738-BA95-845532470D65}
	EndGlobalSection
EndGlobal
